
Microsoft Visual Studio Solution File, Format Version 12.00
# Visual Studio Version 16
VisualStudioVersion = 16.0.30711.63
MinimumVisualStudioVersion = 10.0.40219.1
Project("{FAE04EC0-301F-11D3-BF4B-00C04F79EFBC}") = "DiscordCustomRPC", "DiscordCustomRPC.csproj", "{4BF5A7C5-97A2-41BC-8F55-6E32995A701C}"
EndProject
Global
	GlobalSection(SolutionConfigurationPlatforms) = preSolution
		Debug|Any CPU = Debug|Any CPU
		Release|Any CPU = Release|Any CPU
	EndGlobalSection
	GlobalSection(ProjectConfigurationPlatforms) = postSolution
		{4BF5A7C5-97A2-41BC-8F55-6E32995A701C}.Debug|Any CPU.ActiveCfg = Debug|Any CPU
		{4BF5A7C5-97A2-41BC-8F55-6E32995A701C}.Debug|Any CPU.Build.0 = Debug|Any CPU
		{4BF5A7C5-97A2-41BC-8F55-6E32995A701C}.Release|Any CPU.ActiveCfg = Release|Any CPU
		{4BF5A7C5-97A2-41BC-8F55-6E32995A701C}.Release|Any CPU.Build.0 = Release|Any CPU
	EndGlobalSection
	GlobalSection(SolutionProperties) = preSolution
		HideSolutionNode = FALSE
	EndGlobalSection
	GlobalSection(ExtensibilityGlobals) = postSolution
		SolutionGuid = {C7E211D3-CD07-472F-BDB2-28C76ABB1DCF}
	EndGlobalSection
EndGlobal
